PODS:
  - CalculateCalendarLogic (0.8.1)
  - ChameleonFramework/Default (2.1.0)
  - ChameleonFramework/Swift (2.1.0):
    - ChameleonFramework/Default
  - FSCalendar (2.8.4)
  - KDCircularProgress (1.5.4)
  - Onboard (2.3.3)
  - Realm (10.54.4):
    - Realm/Headers (= 10.54.4)
  - Realm/Headers (10.54.4)
  - RealmSwift (10.54.4):
    - Realm (= 10.54.4)

DEPENDENCIES:
  - CalculateCalendarLogic
  - ChameleonFramework/Swift (from `https://github.com/wowansm/Chameleon`, branch `swift5`)
  - FSCalendar
  - KDCircularProgress
  - Onboard
  - RealmSwift (~> 10)

SPEC REPOS:
  trunk:
    - CalculateCalendarLogic
    - FSCalendar
    - KDCircularProgress
    - Onboard
    - Realm
    - RealmSwift

EXTERNAL SOURCES:
  ChameleonFramework:
    :branch: swift5
    :git: https://github.com/wowansm/Chameleon

CHECKOUT OPTIONS:
  ChameleonFramework:
    :commit: 96d52c36a45847fff60bcff7a58fec1e4bd7390b
    :git: https://github.com/wowansm/Chameleon

SPEC CHECKSUMS:
  CalculateCalendarLogic: 45ea071add8efe0c30524607d3359eb79de8ba82
  ChameleonFramework: d21a3cc247abfe5e37609a283a8238b03575cf64
  FSCalendar: 2d1d0d9398f12d439f55c1fe0f01525b151b8260
  KDCircularProgress: 98200c6b8e85d22bc04eb644721d3b1e12b0686b
  Onboard: 4d6e943e20bdd6bc229df967a347dd7514bc2a6f
  Realm: 8b5cda39a41f17a1734da2f39c6004eb8745587a
  RealmSwift: 0b4f808fed6898f1f6c26f501f740efd80dff0b4

PODFILE CHECKSUM: 68b9cc1a5f56ecef27ddaf947dcaeb1dfe28fa28

COCOAPODS: 1.16.2
